// !$*UTF8*$!
{
	archiveVersion = 1;
	classes = {
	};
	objectVersion = 50;
	objects = {

/* Begin PBXBuildFile section */
		8637B6262305B91000DADEE7 /* AppDelegate.swift in Sources */ = {isa = PBXBuildFile; fileRef = 8637B6252305B91000DADEE7 /* AppDelegate.swift */; };
		8637B62B2305B91000DADEE7 /* Main.storyboard in Resources */ = {isa = PBXBuildFile; fileRef = 8637B6292305B91000DADEE7 /* Main.storyboard */; };
		8637B62D2305B91000DADEE7 /* Assets.xcassets in Resources */ = {isa = PBXBuildFile; fileRef = 8637B62C2305B91000DADEE7 /* Assets.xcassets */; };
		8637B6302305B91000DADEE7 /* LaunchScreen.storyboard in Resources */ = {isa = PBXBuildFile; fileRef = 8637B62E2305B91000DADEE7 /* LaunchScreen.storyboard */; };
		8637B63F2305BB8C00DADEE7 /* StockData.swift in Sources */ = {isa = PBXBuildFile; fileRef = 8637B63E2305BB8C00DADEE7 /* StockData.swift */; };
		8637B6432305C09500DADEE7 /* StockDataController.swift in Sources */ = {isa = PBXBuildFile; fileRef = 8637B6422305C09500DADEE7 /* StockDataController.swift */; };
		8637B6452305C2A400DADEE7 /* StockDataViewController.swift in Sources */ = {isa = PBXBuildFile; fileRef = 8637B6442305C2A400DADEE7 /* StockDataViewController.swift */; };
		8637B6472305DEFB00DADEE7 /* StockReport.swift in Sources */ = {isa = PBXBuildFile; fileRef = 8637B6462305DEFB00DADEE7 /* StockReport.swift */; };
		8637B6492305DF9700DADEE7 /* StockReportController.swift in Sources */ = {isa = PBXBuildFile; fileRef = 8637B6482305DF9700DADEE7 /* StockReportController.swift */; };
/* End PBXBuildFile section */

/* Begin PBXFileReference section */
		8637B6222305B91000DADEE7 /* stocksApi.app */ = {isa = PBXFileReference; explicitFileType = wrapper.application; includeInIndex = 0; path = stocksApi.app; sourceTree = BUILT_PRODUCTS_DIR; };
		8637B6252305B91000DADEE7 /* AppDelegate.swift */ = {isa = PBXFileReference; lastKnownFileType = sourcecode.swift; path = AppDelegate.swift; sourceTree = "<group>"; };
		8637B62A2305B91000DADEE7 /* Base */ = {isa = PBXFileReference; lastKnownFileType = file.storyboard; name = Base; path = Base.lproj/Main.storyboard; sourceTree = "<group>"; };
		8637B62C2305B91000DADEE7 /* Assets.xcassets */ = {isa = PBXFileReference; lastKnownFileType = folder.assetcatalog; path = Assets.xcassets; sourceTree = "<group>"; };
		8637B62F2305B91000DADEE7 /* Base */ = {isa = PBXFileReference; lastKnownFileType = file.storyboard; name = Base; path = Base.lproj/LaunchScreen.storyboard; sourceTree = "<group>"; };
		8637B6312305B91000DADEE7 /* Info.plist */ = {isa = PBXFileReference; lastKnownFileType = text.plist.xml; path = Info.plist; sourceTree = "<group>"; };
		8637B63E2305BB8C00DADEE7 /* StockData.swift */ = {isa = PBXFileReference; lastKnownFileType = sourcecode.swift; path = StockData.swift; sourceTree = "<group>"; };
		8637B6422305C09500DADEE7 /* StockDataController.swift */ = {isa = PBXFileReference; lastKnownFileType = sourcecode.swift; path = StockDataController.swift; sourceTree = "<group>"; };
		8637B6442305C2A400DADEE7 /* StockDataViewController.swift */ = {isa = PBXFileReference; lastKnownFileType = sourcecode.swift; path = StockDataViewController.swift; sourceTree = "<group>"; };
		8637B6462305DEFB00DADEE7 /* StockReport.swift */ = {isa = PBXFileReference; lastKnownFileType = sourcecode.swift; path = StockReport.swift; sourceTree = "<group>"; };
		8637B6482305DF9700DADEE7 /* StockReportController.swift */ = {isa = PBXFileReference; lastKnownFileType = sourcecode.swift; path = StockReportController.swift; sourceTree = "<group>"; };
/* End PBXFileReference section */

/* Begin PBXFrameworksBuildPhase section */
		8637B61F2305B91000DADEE7 /* Frameworks */ = {
			isa = PBXFrameworksBuildPhase;
			buildActionMask = 2147483647;
			files = (
			);
			runOnlyForDeploymentPostprocessing = 0;
		};
/* End PBXFrameworksBuildPhase section */

/* Begin PBXGroup section */
		8637B6192305B91000DADEE7 = {
			isa = PBXGroup;
			children = (
				8637B6242305B91000DADEE7 /* stocksApi */,
				8637B6232305B91000DADEE7 /* Products */,
			);
			sourceTree = "<group>";
		};
		8637B6232305B91000DADEE7 /* Products */ = {
			isa = PBXGroup;
			children = (
				8637B6222305B91000DADEE7 /* stocksApi.app */,
			);
			name = Products;
			sourceTree = "<group>";
		};
		8637B6242305B91000DADEE7 /* stocksApi */ = {
			isa = PBXGroup;
			children = (
				8637B6382305B95C00DADEE7 /* Storyboards */,
				8637B63B2305B98C00DADEE7 /* View Controllers */,
				8637B63A2305B97E00DADEE7 /* Model Controllers */,
				8637B6392305B97500DADEE7 /* Models */,
				8637B6372305B95300DADEE7 /* Resources */,
			);
			path = stocksApi;
			sourceTree = "<group>";
		};
		8637B6372305B95300DADEE7 /* Resources */ = {
			isa = PBXGroup;
			children = (
				8637B6252305B91000DADEE7 /* AppDelegate.swift */,
				8637B62C2305B91000DADEE7 /* Assets.xcassets */,
				8637B6312305B91000DADEE7 /* Info.plist */,
			);
			path = Resources;
			sourceTree = "<group>";
		};
		8637B6382305B95C00DADEE7 /* Storyboards */ = {
			isa = PBXGroup;
			children = (
				8637B6292305B91000DADEE7 /* Main.storyboard */,
				8637B62E2305B91000DADEE7 /* LaunchScreen.storyboard */,
			);
			path = Storyboards;
			sourceTree = "<group>";
		};
		8637B6392305B97500DADEE7 /* Models */ = {
			isa = PBXGroup;
			children = (
				8637B63E2305BB8C00DADEE7 /* StockData.swift */,
				8637B6462305DEFB00DADEE7 /* StockReport.swift */,
			);
			name = Models;
			sourceTree = "<group>";
		};
		8637B63A2305B97E00DADEE7 /* Model Controllers */ = {
			isa = PBXGroup;
			children = (
				8637B6422305C09500DADEE7 /* StockDataController.swift */,
				8637B6482305DF9700DADEE7 /* StockReportController.swift */,
			);
			name = "Model Controllers";
			sourceTree = "<group>";
		};
		8637B63B2305B98C00DADEE7 /* View Controllers */ = {
			isa = PBXGroup;
			children = (
				8637B6442305C2A400DADEE7 /* StockDataViewController.swift */,
			);
			name = "View Controllers";
			sourceTree = "<group>";
		};
/* End PBXGroup section */

/* Begin PBXNativeTarget section */
		8637B6212305B91000DADEE7 /* stocksApi */ = {
			isa = PBXNativeTarget;
			buildConfigurationList = 8637B6342305B91000DADEE7 /* Build configuration list for PBXNativeTarget "stocksApi" */;
			buildPhases = (
				8637B61E2305B91000DADEE7 /* Sources */,
				8637B61F2305B91000DADEE7 /* Frameworks */,
				8637B6202305B91000DADEE7 /* Resources */,
			);
			buildRules = (
			);
			dependencies = (
			);
			name = stocksApi;
			productName = stocksApi;
			productReference = 8637B6222305B91000DADEE7 /* stocksApi.app */;
			productType = "com.apple.product-type.application";
		};
/* End PBXNativeTarget section */

/* Begin PBXProject section */
		8637B61A2305B91000DADEE7 /* Project object */ = {
			isa = PBXProject;
			attributes = {
				LastSwiftUpdateCheck = 1020;
				LastUpgradeCheck = 1020;
				ORGANIZATIONNAME = "Jax Tubbs";
				TargetAttributes = {
					8637B6212305B91000DADEE7 = {
						CreatedOnToolsVersion = 10.2.1;
					};
				};
			};
			buildConfigurationList = 8637B61D2305B91000DADEE7 /* Build configuration list for PBXProject "stocksApi" */;
			compatibilityVersion = "Xcode 9.3";
			developmentRegion = en;
			hasScannedForEncodings = 0;
			knownRegions = (
				en,
				Base,
			);
			mainGroup = 8637B6192305B91000DADEE7;
			productRefGroup = 8637B6232305B91000DADEE7 /* Products */;
			projectDirPath = "";
			projectRoot = "";
			targets = (
				8637B6212305B91000DADEE7 /* stocksApi */,
			);
		};
/* End PBXProject section */

/* Begin PBXResourcesBuildPhase section */
		8637B6202305B91000DADEE7 /* Resources */ = {
			isa = PBXResourcesBuildPhase;
			buildActionMask = 2147483647;
			files = (
				8637B6302305B91000DADEE7 /* LaunchScreen.storyboard in Resources */,
				8637B62D2305B91000DADEE7 /* Assets.xcassets in Resources */,
				8637B62B2305B91000DADEE7 /* Main.storyboard in Resources */,
			);
			runOnlyForDeploymentPostprocessing = 0;
		};
/* End PBXResourcesBuildPhase section */

/* Begin PBXSourcesBuildPhase section */
		8637B61E2305B91000DADEE7 /* Sources */ = {
			isa = PBXSourcesBuildPhase;
			buildActionMask = 2147483647;
			files = (
				8637B6262305B91000DADEE7 /* AppDelegate.swift in Sources */,
				8637B6452305C2A400DADEE7 /* StockDataViewController.swift in Sources */,
				8637B6432305C09500DADEE7 /* StockDataController.swift in Sources */,
				8637B6472305DEFB00DADEE7 /* StockReport.swift in Sources */,
				8637B6492305DF9700DADEE7 /* StockReportController.swift in Sources */,
				8637B63F2305BB8C00DADEE7 /* StockData.swift in Sources */,
			);
			runOnlyForDeploymentPostprocessing = 0;
		};
/* End PBXSourcesBuildPhase section */

/* Begin PBXVariantGroup section */
		8637B6292305B91000DADEE7 /* Main.storyboard */ = {
			isa = PBXVariantGroup;
			children = (
				8637B62A2305B91000DADEE7 /* Base */,
			);
			name = Main.storyboard;
			sourceTree = "<group>";
		};
		8637B62E2305B91000DADEE7 /* LaunchScreen.storyboard */ = {
			isa = PBXVariantGroup;
			children = (
				8637B62F2305B91000DADEE7 /* Base */,
			);
			name = LaunchScreen.storyboard;
			sourceTree = "<group>";
		};
/* End PBXVariantGroup section */

/* Begin XCBuildConfiguration section */
		8637B6322305B91000DADEE7 /* Debug */ = {
			isa = XCBuildConfiguration;
			buildSettings = {
				ALWAYS_SEARCH_USER_PATHS = NO;
				CLANG_ANALYZER_NONNULL = YES;
				CLANG_ANALYZER_NUMBER_OBJECT_CONVERSION = YES_AGGRESSIVE;
				CLANG_CXX_LANGUAGE_STANDARD = "gnu++14";
				CLANG_CXX_LIBRARY = "libc++";
				CLANG_ENABLE_MODULES = YES;
				CLANG_ENABLE_OBJC_ARC = YES;
				CLANG_ENABLE_OBJC_WEAK = YES;
				CLANG_WARN_BLOCK_CAPTURE_AUTORELEASING = YES;
				CLANG_WARN_BOOL_CONVERSION = YES;
				CLANG_WARN_COMMA = YES;
				CLANG_WARN_CONSTANT_CONVERSION = YES;
				CLANG_WARN_DEPRECATED_OBJC_IMPLEMENTATIONS = YES;
				CLANG_WARN_DIRECT_OBJC_ISA_USAGE = YES_ERROR;
				CLANG_WARN_DOCUMENTATION_COMMENTS = YES;
				CLANG_WARN_EMPTY_BODY = YES;
				CLANG_WARN_ENUM_CONVERSION = YES;
				CLANG_WARN_INFINITE_RECURSION = YES;
				CLANG_WARN_INT_CONVERSION = YES;
				CLANG_WARN_NON_LITERAL_NULL_CONVERSION = YES;
				CLANG_WARN_OBJC_IMPLICIT_RETAIN_SELF = YES;
				CLANG_WARN_OBJC_LITERAL_CONVERSION = YES;
				CLANG_WARN_OBJC_ROOT_CLASS = YES_ERROR;
				CLANG_WARN_RANGE_LOOP_ANALYSIS = YES;
				CLANG_WARN_STRICT_PROTOTYPES = YES;
				CLANG_WARN_SUSPICIOUS_MOVE = YES;
				CLANG_WARN_UNGUARDED_AVAILABILITY = YES_AGGRESSIVE;
				CLANG_WARN_UNREACHABLE_CODE = YES;
				CLANG_WARN__DUPLICATE_METHOD_MATCH = YES;
				CODE_SIGN_IDENTITY = "iPhone Developer";
				COPY_PHASE_STRIP = NO;
				DEBUG_INFORMATION_FORMAT = dwarf;
				ENABLE_STRICT_OBJC_MSGSEND = YES;
				ENABLE_TESTABILITY = YES;
				GCC_C_LANGUAGE_STANDARD = gnu11;
				GCC_DYNAMIC_NO_PIC = NO;
				GCC_NO_COMMON_BLOCKS = YES;
				GCC_OPTIMIZATION_LEVEL = 0;
				GCC_PREPROCESSOR_DEFINITIONS = (
					"DEBUG=1",
					"$(inherited)",
				);
				GCC_WARN_64_TO_32_BIT_CONVERSION = YES;
				GCC_WARN_ABOUT_RETURN_TYPE = YES_ERROR;
				GCC_WARN_UNDECLARED_SELECTOR = YES;
				GCC_WARN_UNINITIALIZED_AUTOS = YES_AGGRESSIVE;
				GCC_WARN_UNUSED_FUNCTION = YES;
				GCC_WARN_UNUSED_VARIABLE = YES;
				IPHONEOS_DEPLOYMENT_TARGET = 12.2;
				MTL_ENABLE_DEBUG_INFO = INCLUDE_SOURCE;
				MTL_FAST_MATH = YES;
				ONLY_ACTIVE_ARCH = YES;
				SDKROOT = iphoneos;
				SWIFT_ACTIVE_COMPILATION_CONDITIONS = DEBUG;
				SWIFT_OPTIMIZATION_LEVEL = "-Onone";
			};
			name = Debug;
		};
		8637B6332305B91000DADEE7 /* Release */ = {
			isa = XCBuildConfiguration;
			buildSettings = {
				ALWAYS_SEARCH_USER_PATHS = NO;
				CLANG_ANALYZER_NONNULL = YES;
				CLANG_ANALYZER_NUMBER_OBJECT_CONVERSION = YES_AGGRESSIVE;
				CLANG_CXX_LANGUAGE_STANDARD = "gnu++14";
				CLANG_CXX_LIBRARY = "libc++";
				CLANG_ENABLE_MODULES = YES;
				CLANG_ENABLE_OBJC_ARC = YES;
				CLANG_ENABLE_OBJC_WEAK = YES;
				CLANG_WARN_BLOCK_CAPTURE_AUTORELEASING = YES;
				CLANG_WARN_BOOL_CONVERSION = YES;
				CLANG_WARN_COMMA = YES;
				CLANG_WARN_CONSTANT_CONVERSION = YES;
				CLANG_WARN_DEPRECATED_OBJC_IMPLEMENTATIONS = YES;
				CLANG_WARN_DIRECT_OBJC_ISA_USAGE = YES_ERROR;
				CLANG_WARN_DOCUMENTATION_COMMENTS = YES;
				CLANG_WARN_EMPTY_BODY = YES;
				CLANG_WARN_ENUM_CONVERSION = YES;
				CLANG_WARN_INFINITE_RECURSION = YES;
				CLANG_WARN_INT_CONVERSION = YES;
				CLANG_WARN_NON_LITERAL_NULL_CONVERSION = YES;
				CLANG_WARN_OBJC_IMPLICIT_RETAIN_SELF = YES;
				CLANG_WARN_OBJC_LITERAL_CONVERSION = YES;
				CLANG_WARN_OBJC_ROOT_CLASS = YES_ERROR;
				CLANG_WARN_RANGE_LOOP_ANALYSIS = YES;
				CLANG_WARN_STRICT_PROTOTYPES = YES;
				CLANG_WARN_SUSPICIOUS_MOVE = YES;
				CLANG_WARN_UNGUARDED_AVAILABILITY = YES_AGGRESSIVE;
				CLANG_WARN_UNREACHABLE_CODE = YES;
				CLANG_WARN__DUPLICATE_METHOD_MATCH = YES;
				CODE_SIGN_IDENTITY = "iPhone Developer";
				COPY_PHASE_STRIP = NO;
				DEBUG_INFORMATION_FORMAT = "dwarf-with-dsym";
				ENABLE_NS_ASSERTIONS = NO;
				ENABLE_STRICT_OBJC_MSGSEND = YES;
				GCC_C_LANGUAGE_STANDARD = gnu11;
				GCC_NO_COMMON_BLOCKS = YES;
				GCC_WARN_64_TO_32_BIT_CONVERSION = YES;
				GCC_WARN_ABOUT_RETURN_TYPE = YES_ERROR;
				GCC_WARN_UNDECLARED_SELECTOR = YES;
				GCC_WARN_UNINITIALIZED_AUTOS = YES_AGGRESSIVE;
				GCC_WARN_UNUSED_FUNCTION = YES;
				GCC_WARN_UNUSED_VARIABLE = YES;
				IPHONEOS_DEPLOYMENT_TARGET = 12.2;
				MTL_ENABLE_DEBUG_INFO = NO;
				MTL_FAST_MATH = YES;
				SDKROOT = iphoneos;
				SWIFT_COMPILATION_MODE = wholemodule;
				SWIFT_OPTIMIZATION_LEVEL = "-O";
				VALIDATE_PRODUCT = YES;
			};
			name = Release;
		};
		8637B6352305B91000DADEE7 /* Debug */ = {
			isa = XCBuildConfiguration;
			buildSettings = {
				ASSETCATALOG_COMPILER_APPICON_NAME = AppIcon;
				CODE_SIGN_STYLE = Automatic;
				DEVELOPMENT_TEAM = 2WP5X762NJ;
				INFOPLIST_FILE = "$(SRCROOT)/stocksApi/Resources/Info.plist";
				LD_RUNPATH_SEARCH_PATHS = (
					"$(inherited)",
					"@executable_path/Frameworks",
				);
				PRODUCT_BUNDLE_IDENTIFIER = Decknot.stocksApi;
				PRODUCT_NAME = "$(TARGET_NAME)";
				SWIFT_VERSION = 5.0;
				TARGETED_DEVICE_FAMILY = "1,2";
			};
			name = Debug;
		};
		8637B6362305B91000DADEE7 /* Release */ = {
			isa = XCBuildConfiguration;
			buildSettings = {
				ASSETCATALOG_COMPILER_APPICON_NAME = AppIcon;
				CODE_SIGN_STYLE = Automatic;
				DEVELOPMENT_TEAM = 2WP5X762NJ;
				INFOPLIST_FILE = "$(SRCROOT)/stocksApi/Resources/Info.plist";
				LD_RUNPATH_SEARCH_PATHS = (
					"$(inherited)",
					"@executable_path/Frameworks",
				);
				PRODUCT_BUNDLE_IDENTIFIER = Decknot.stocksApi;
				PRODUCT_NAME = "$(TARGET_NAME)";
				SWIFT_VERSION = 5.0;
				TARGETED_DEVICE_FAMILY = "1,2";
			};
			name = Release;
		};
/* End XCBuildConfiguration section */

/* Begin XCConfigurationList section */
		8637B61D2305B91000DADEE7 /* Build configuration list for PBXProject "stocksApi" */ = {
			isa = XCConfigurationList;
			buildConfigurations = (
				8637B6322305B91000DADEE7 /* Debug */,
				8637B6332305B91000DADEE7 /* Release */,
			);
			defaultConfigurationIsVisible = 0;
			defaultConfigurationName = Release;
		};
		8637B6342305B91000DADEE7 /* Build configuration list for PBXNativeTarget "stocksApi" */ = {
			isa = XCConfigurationList;
			buildConfigurations = (
				8637B6352305B91000DADEE7 /* Debug */,
				8637B6362305B91000DADEE7 /* Release */,
			);
			defaultConfigurationIsVisible = 0;
			defaultConfigurationName = Release;
		};
/* End XCConfigurationList section */
	};
	rootObject = 8637B61A2305B91000DADEE7 /* Project object */;
}
